{
  "originHash" : "d20a9f9d7ef538a52fea50c81889499a92474ced84ee21960739a4b20bc4929e",
  "pins" : [
    {
      "identity" : "zeroerrors",
      "kind" : "remoteSourceControl",
      "location" : "https://github.com/ZeroFoundationFramework/ZeroErrors.git",
      "state" : {
        "revision" : "9d907df8c4178d098ab117667affa1dece1287c9",
        "version" : "1.0.2"
      }
    },
    {
      "identity" : "zerotemplate",
      "kind" : "remoteSourceControl",
      "location" : "https://github.com/ZeroFoundationFramework/ZeroTemplate.git",
      "state" : {
        "revision" : "f19990aa95feb9b2a9a912395495cd43a2762014",
        "version" : "1.0.3"
      }
    }
  ],
  "version" : 3
}
