{
  "originHash" : "b80d1426d1e49378f10de914f1363e77e9a40923c2aadd22903459e9c4919dc2",
  "pins" : [
    {
      "identity" : "zerotemplate",
      "kind" : "remoteSourceControl",
      "location" : "https://github.com/ZeroFoundationFramework/ZeroTemplate.git",
      "state" : {
        "revision" : "c3d8796f6d7f487baac809c8352da1dc95f93446",
        "version" : "1.0.2"
      }
    }
  ],
  "version" : 3
}
