{
  "originHash" : "6184dd9194d96d1d9aeab08ea0b40f6572083ef1e70582e64d36849a4a497206",
  "pins" : [
    {
      "identity" : "zeroerrors",
      "kind" : "remoteSourceControl",
      "location" : "https://github.com/ZeroFoundationFramework/ZeroErrors.git",
      "state" : {
        "revision" : "46fdd4e87853ef896fdef7bae94414b71cc477f0",
        "version" : "1.0.3"
      }
    },
    {
      "identity" : "zerotemplate",
      "kind" : "remoteSourceControl",
      "location" : "https://github.com/ZeroFoundationFramework/ZeroTemplate.git",
      "state" : {
        "revision" : "b806eab902ba4acd3cf15978990e4acc7d68256b",
        "version" : "1.0.7"
      }
    }
  ],
  "version" : 3
}
